
Microsoft Visual Studio Solution File, Format Version 12.00
# Visual Studio Version 16
VisualStudioVersion = 16.0.29102.190
MinimumVisualStudioVersion = 10.0.40219.1
Project("{FAE04EC0-301F-11D3-BF4B-00C04F79EFBC}") = "EmptyProject", "EmptyProject\EmptyProject.csproj", "{28C298F5-9862-4805-8200-BE83882DD603}"
EndProject
Global
	GlobalSection(SolutionConfigurationPlatforms) = preSolution
		Debug|Any CPU = Debug|Any CPU
		Release|Any CPU = Release|Any CPU
	EndGlobalSection
	GlobalSection(ProjectConfigurationPlatforms) = postSolution
		{28C298F5-9862-4805-8200-BE83882DD603}.Debug|Any CPU.ActiveCfg = Debug|Any CPU
		{28C298F5-9862-4805-8200-BE83882DD603}.Debug|Any CPU.Build.0 = Debug|Any CPU
		{28C298F5-9862-4805-8200-BE83882DD603}.Release|Any CPU.ActiveCfg = Release|Any CPU
		{28C298F5-9862-4805-8200-BE83882DD603}.Release|Any CPU.Build.0 = Release|Any CPU
	EndGlobalSection
	GlobalSection(SolutionProperties) = preSolution
		HideSolutionNode = FALSE
	EndGlobalSection
	GlobalSection(ExtensibilityGlobals) = postSolution
		SolutionGuid = {3ACEAA7A-EF88-43E4-AC92-86A3061CAC09}
	EndGlobalSection
EndGlobal
