
Microsoft Visual Studio Solution File, Format Version 12.00
# Visual Studio Version 16
VisualStudioVersion = 16.0.28922.388
MinimumVisualStudioVersion = 10.0.40219.1
Project("{FAE04EC0-301F-11D3-BF4B-00C04F79EFBC}") = "OOP", "OOP.csproj", "{BD253CBA-0CDE-41A9-B67E-54E745C68C62}"
EndProject
Global
	GlobalSection(SolutionConfigurationPlatforms) = preSolution
		Debug|Any CPU = Debug|Any CPU
		Release|Any CPU = Release|Any CPU
	EndGlobalSection
	GlobalSection(ProjectConfigurationPlatforms) = postSolution
		{BD253CBA-0CDE-41A9-B67E-54E745C68C62}.Debug|Any CPU.ActiveCfg = Debug|Any CPU
		{BD253CBA-0CDE-41A9-B67E-54E745C68C62}.Debug|Any CPU.Build.0 = Debug|Any CPU
		{BD253CBA-0CDE-41A9-B67E-54E745C68C62}.Release|Any CPU.ActiveCfg = Release|Any CPU
		{BD253CBA-0CDE-41A9-B67E-54E745C68C62}.Release|Any CPU.Build.0 = Release|Any CPU
	EndGlobalSection
	GlobalSection(SolutionProperties) = preSolution
		HideSolutionNode = FALSE
	EndGlobalSection
	GlobalSection(ExtensibilityGlobals) = postSolution
		SolutionGuid = {4216A38B-918F-4CBF-9D54-CF3E4DDDDFE5}
	EndGlobalSection
EndGlobal
