
Microsoft Visual Studio Solution File, Format Version 12.00
# Visual Studio Version 16
VisualStudioVersion = 16.0.28803.352
MinimumVisualStudioVersion = 10.0.40219.1
Project("{FAE04EC0-301F-11D3-BF4B-00C04F79EFBC}") = "crossroads 10", "crossroads 10.csproj", "{3E1B8BAC-531A-4738-AC45-D1BAFD369F43}"
EndProject
Global
	GlobalSection(SolutionConfigurationPlatforms) = preSolution
		Debug|Any CPU = Debug|Any CPU
		Release|Any CPU = Release|Any CPU
	EndGlobalSection
	GlobalSection(ProjectConfigurationPlatforms) = postSolution
		{3E1B8BAC-531A-4738-AC45-D1BAFD369F43}.Debug|Any CPU.ActiveCfg = Debug|Any CPU
		{3E1B8BAC-531A-4738-AC45-D1BAFD369F43}.Debug|Any CPU.Build.0 = Debug|Any CPU
		{3E1B8BAC-531A-4738-AC45-D1BAFD369F43}.Release|Any CPU.ActiveCfg = Release|Any CPU
		{3E1B8BAC-531A-4738-AC45-D1BAFD369F43}.Release|Any CPU.Build.0 = Release|Any CPU
	EndGlobalSection
	GlobalSection(SolutionProperties) = preSolution
		HideSolutionNode = FALSE
	EndGlobalSection
	GlobalSection(ExtensibilityGlobals) = postSolution
		SolutionGuid = {822C72A4-DC8E-4394-8B51-BA753AC209A0}
	EndGlobalSection
EndGlobal
