
Microsoft Visual Studio Solution File, Format Version 12.00
# Visual Studio Version 16
VisualStudioVersion = 16.0.28803.452
MinimumVisualStudioVersion = 10.0.40219.1
Project("{FAE04EC0-301F-11D3-BF4B-00C04F79EFBC}") = "le matrix", "le matrix.csproj", "{CC00B2B7-55FC-43CC-939E-63631C3830E4}"
EndProject
Global
	GlobalSection(SolutionConfigurationPlatforms) = preSolution
		Debug|Any CPU = Debug|Any CPU
		Release|Any CPU = Release|Any CPU
	EndGlobalSection
	GlobalSection(ProjectConfigurationPlatforms) = postSolution
		{CC00B2B7-55FC-43CC-939E-63631C3830E4}.Debug|Any CPU.ActiveCfg = Debug|Any CPU
		{CC00B2B7-55FC-43CC-939E-63631C3830E4}.Debug|Any CPU.Build.0 = Debug|Any CPU
		{CC00B2B7-55FC-43CC-939E-63631C3830E4}.Release|Any CPU.ActiveCfg = Release|Any CPU
		{CC00B2B7-55FC-43CC-939E-63631C3830E4}.Release|Any CPU.Build.0 = Release|Any CPU
	EndGlobalSection
	GlobalSection(SolutionProperties) = preSolution
		HideSolutionNode = FALSE
	EndGlobalSection
	GlobalSection(ExtensibilityGlobals) = postSolution
		SolutionGuid = {571AA8F0-5D5B-4351-864B-EE0852907636}
	EndGlobalSection
EndGlobal
