
Microsoft Visual Studio Solution File, Format Version 12.00
# Visual Studio Version 16
VisualStudioVersion = 16.0.29025.244
MinimumVisualStudioVersion = 10.0.40219.1
Project("{FAE04EC0-301F-11D3-BF4B-00C04F79EFBC}") = "Inheritence", "Inheritence.csproj", "{207C86FB-B4CE-4E8C-A894-F5BB95C83BF8}"
EndProject
Project("{FAE04EC0-301F-11D3-BF4B-00C04F79EFBC}") = "Farm", "..\Farm\Farm.csproj", "{352AA44A-CD85-4042-A429-A2A39D8B0020}"
EndProject
Project("{FAE04EC0-301F-11D3-BF4B-00C04F79EFBC}") = "CustomRandomList", "..\CustomRandomList\CustomRandomList.csproj", "{F969F3A4-CCAF-4768-AF86-7543C735AF22}"
EndProject
Global
	GlobalSection(SolutionConfigurationPlatforms) = preSolution
		Debug|Any CPU = Debug|Any CPU
		Release|Any CPU = Release|Any CPU
	EndGlobalSection
	GlobalSection(ProjectConfigurationPlatforms) = postSolution
		{207C86FB-B4CE-4E8C-A894-F5BB95C83BF8}.Debug|Any CPU.ActiveCfg = Debug|Any CPU
		{207C86FB-B4CE-4E8C-A894-F5BB95C83BF8}.Debug|Any CPU.Build.0 = Debug|Any CPU
		{207C86FB-B4CE-4E8C-A894-F5BB95C83BF8}.Release|Any CPU.ActiveCfg = Release|Any CPU
		{207C86FB-B4CE-4E8C-A894-F5BB95C83BF8}.Release|Any CPU.Build.0 = Release|Any CPU
		{352AA44A-CD85-4042-A429-A2A39D8B0020}.Debug|Any CPU.ActiveCfg = Debug|Any CPU
		{352AA44A-CD85-4042-A429-A2A39D8B0020}.Debug|Any CPU.Build.0 = Debug|Any CPU
		{352AA44A-CD85-4042-A429-A2A39D8B0020}.Release|Any CPU.ActiveCfg = Release|Any CPU
		{352AA44A-CD85-4042-A429-A2A39D8B0020}.Release|Any CPU.Build.0 = Release|Any CPU
		{F969F3A4-CCAF-4768-AF86-7543C735AF22}.Debug|Any CPU.ActiveCfg = Debug|Any CPU
		{F969F3A4-CCAF-4768-AF86-7543C735AF22}.Debug|Any CPU.Build.0 = Debug|Any CPU
		{F969F3A4-CCAF-4768-AF86-7543C735AF22}.Release|Any CPU.ActiveCfg = Release|Any CPU
		{F969F3A4-CCAF-4768-AF86-7543C735AF22}.Release|Any CPU.Build.0 = Release|Any CPU
	EndGlobalSection
	GlobalSection(SolutionProperties) = preSolution
		HideSolutionNode = FALSE
	EndGlobalSection
	GlobalSection(ExtensibilityGlobals) = postSolution
		SolutionGuid = {2D4CD18A-44F3-44E8-884B-CFD2C191742B}
	EndGlobalSection
EndGlobal
