
Microsoft Visual Studio Solution File, Format Version 12.00
# Visual Studio Version 16
VisualStudioVersion = 16.0.29123.88
MinimumVisualStudioVersion = 10.0.40219.1
Project("{9A19103F-16F7-4668-BE54-9A1E7A4F7556}") = "Reverse array", "Reverse array\Reverse array.csproj", "{414D3F3A-85D3-41C8-A670-4DDFF842340B}"
EndProject
Project("{9A19103F-16F7-4668-BE54-9A1E7A4F7556}") = "NestedLoops", "NestedLoops\NestedLoops.csproj", "{B3A1506F-C067-4E0E-9941-16BDBE949756}"
EndProject
Project("{9A19103F-16F7-4668-BE54-9A1E7A4F7556}") = "CombinationWithRepetition", "CombinationWithRepetition\CombinationWithRepetition.csproj", "{C345FF4A-8169-4763-9071-66BD15DCC330}"
EndProject
Project("{9A19103F-16F7-4668-BE54-9A1E7A4F7556}") = "TowerOfHanoi", "TowerOfHanoi\TowerOfHanoi.csproj", "{4545CE0E-8FD7-4D11-A095-2DC169C7C149}"
EndProject
Project("{FAE04EC0-301F-11D3-BF4B-00C04F79EFBC}") = "Matrices n shit", "Matrices n shit\Matrices n shit.csproj", "{23135BE6-4993-477C-AC23-3CEB45EDF536}"
EndProject
Global
	GlobalSection(SolutionConfigurationPlatforms) = preSolution
		Debug|Any CPU = Debug|Any CPU
		Release|Any CPU = Release|Any CPU
	EndGlobalSection
	GlobalSection(ProjectConfigurationPlatforms) = postSolution
		{414D3F3A-85D3-41C8-A670-4DDFF842340B}.Debug|Any CPU.ActiveCfg = Debug|Any CPU
		{414D3F3A-85D3-41C8-A670-4DDFF842340B}.Debug|Any CPU.Build.0 = Debug|Any CPU
		{414D3F3A-85D3-41C8-A670-4DDFF842340B}.Release|Any CPU.ActiveCfg = Release|Any CPU
		{414D3F3A-85D3-41C8-A670-4DDFF842340B}.Release|Any CPU.Build.0 = Release|Any CPU
		{B3A1506F-C067-4E0E-9941-16BDBE949756}.Debug|Any CPU.ActiveCfg = Debug|Any CPU
		{B3A1506F-C067-4E0E-9941-16BDBE949756}.Debug|Any CPU.Build.0 = Debug|Any CPU
		{B3A1506F-C067-4E0E-9941-16BDBE949756}.Release|Any CPU.ActiveCfg = Release|Any CPU
		{B3A1506F-C067-4E0E-9941-16BDBE949756}.Release|Any CPU.Build.0 = Release|Any CPU
		{C345FF4A-8169-4763-9071-66BD15DCC330}.Debug|Any CPU.ActiveCfg = Debug|Any CPU
		{C345FF4A-8169-4763-9071-66BD15DCC330}.Debug|Any CPU.Build.0 = Debug|Any CPU
		{C345FF4A-8169-4763-9071-66BD15DCC330}.Release|Any CPU.ActiveCfg = Release|Any CPU
		{C345FF4A-8169-4763-9071-66BD15DCC330}.Release|Any CPU.Build.0 = Release|Any CPU
		{4545CE0E-8FD7-4D11-A095-2DC169C7C149}.Debug|Any CPU.ActiveCfg = Debug|Any CPU
		{4545CE0E-8FD7-4D11-A095-2DC169C7C149}.Debug|Any CPU.Build.0 = Debug|Any CPU
		{4545CE0E-8FD7-4D11-A095-2DC169C7C149}.Release|Any CPU.ActiveCfg = Release|Any CPU
		{4545CE0E-8FD7-4D11-A095-2DC169C7C149}.Release|Any CPU.Build.0 = Release|Any CPU
		{23135BE6-4993-477C-AC23-3CEB45EDF536}.Debug|Any CPU.ActiveCfg = Debug|Any CPU
		{23135BE6-4993-477C-AC23-3CEB45EDF536}.Debug|Any CPU.Build.0 = Debug|Any CPU
		{23135BE6-4993-477C-AC23-3CEB45EDF536}.Release|Any CPU.ActiveCfg = Release|Any CPU
		{23135BE6-4993-477C-AC23-3CEB45EDF536}.Release|Any CPU.Build.0 = Release|Any CPU
	EndGlobalSection
	GlobalSection(SolutionProperties) = preSolution
		HideSolutionNode = FALSE
	EndGlobalSection
	GlobalSection(ExtensibilityGlobals) = postSolution
		SolutionGuid = {6A638893-989F-4317-8B10-50B3CE76EA73}
	EndGlobalSection
EndGlobal
