
Microsoft Visual Studio Solution File, Format Version 12.00
# Visual Studio Version 16
VisualStudioVersion = 16.0.29009.5
MinimumVisualStudioVersion = 10.0.40219.1
Project("{FAE04EC0-301F-11D3-BF4B-00C04F79EFBC}") = "Recursion", "Recursion.csproj", "{991121CC-E6CA-4144-88D1-8292DBDFDEE7}"
EndProject
Project("{FAE04EC0-301F-11D3-BF4B-00C04F79EFBC}") = "Greedy", "..\Greedy\Greedy.csproj", "{30806DBB-2FF7-4ACB-BA85-4C9550D064CF}"
EndProject
Project("{FAE04EC0-301F-11D3-BF4B-00C04F79EFBC}") = "SetCover", "..\SetCover\SetCover.csproj", "{19C804D3-FBB3-4DC9-A486-4E0C4666283B}"
EndProject
Global
	GlobalSection(SolutionConfigurationPlatforms) = preSolution
		Debug|Any CPU = Debug|Any CPU
		Release|Any CPU = Release|Any CPU
	EndGlobalSection
	GlobalSection(ProjectConfigurationPlatforms) = postSolution
		{991121CC-E6CA-4144-88D1-8292DBDFDEE7}.Debug|Any CPU.ActiveCfg = Debug|Any CPU
		{991121CC-E6CA-4144-88D1-8292DBDFDEE7}.Debug|Any CPU.Build.0 = Debug|Any CPU
		{991121CC-E6CA-4144-88D1-8292DBDFDEE7}.Release|Any CPU.ActiveCfg = Release|Any CPU
		{991121CC-E6CA-4144-88D1-8292DBDFDEE7}.Release|Any CPU.Build.0 = Release|Any CPU
		{30806DBB-2FF7-4ACB-BA85-4C9550D064CF}.Debug|Any CPU.ActiveCfg = Debug|Any CPU
		{30806DBB-2FF7-4ACB-BA85-4C9550D064CF}.Debug|Any CPU.Build.0 = Debug|Any CPU
		{30806DBB-2FF7-4ACB-BA85-4C9550D064CF}.Release|Any CPU.ActiveCfg = Release|Any CPU
		{30806DBB-2FF7-4ACB-BA85-4C9550D064CF}.Release|Any CPU.Build.0 = Release|Any CPU
		{19C804D3-FBB3-4DC9-A486-4E0C4666283B}.Debug|Any CPU.ActiveCfg = Debug|Any CPU
		{19C804D3-FBB3-4DC9-A486-4E0C4666283B}.Debug|Any CPU.Build.0 = Debug|Any CPU
		{19C804D3-FBB3-4DC9-A486-4E0C4666283B}.Release|Any CPU.ActiveCfg = Release|Any CPU
		{19C804D3-FBB3-4DC9-A486-4E0C4666283B}.Release|Any CPU.Build.0 = Release|Any CPU
	EndGlobalSection
	GlobalSection(SolutionProperties) = preSolution
		HideSolutionNode = FALSE
	EndGlobalSection
	GlobalSection(ExtensibilityGlobals) = postSolution
		SolutionGuid = {46CEFFC8-64D2-46E8-8CA7-78D3F5FA3D59}
	EndGlobalSection
EndGlobal
