
Microsoft Visual Studio Solution File, Format Version 12.00
# Visual Studio Version 16
VisualStudioVersion = 16.0.29424.173
MinimumVisualStudioVersion = 10.0.40219.1
Project("{FAE04EC0-301F-11D3-BF4B-00C04F79EFBC}") = "Advanced querying", "Advanced querying\Advanced querying.csproj", "{9C073FA6-7A7E-4509-8B55-40A0D38E33F8}"
EndProject
Project("{FAE04EC0-301F-11D3-BF4B-00C04F79EFBC}") = "BookShop", "BookShop\BookShop.csproj", "{5D518006-0D70-4F60-87B0-CBC30542FB3A}"
EndProject
Global
	GlobalSection(SolutionConfigurationPlatforms) = preSolution
		Debug|Any CPU = Debug|Any CPU
		Release|Any CPU = Release|Any CPU
	EndGlobalSection
	GlobalSection(ProjectConfigurationPlatforms) = postSolution
		{9C073FA6-7A7E-4509-8B55-40A0D38E33F8}.Debug|Any CPU.ActiveCfg = Debug|Any CPU
		{9C073FA6-7A7E-4509-8B55-40A0D38E33F8}.Debug|Any CPU.Build.0 = Debug|Any CPU
		{9C073FA6-7A7E-4509-8B55-40A0D38E33F8}.Release|Any CPU.ActiveCfg = Release|Any CPU
		{9C073FA6-7A7E-4509-8B55-40A0D38E33F8}.Release|Any CPU.Build.0 = Release|Any CPU
		{5D518006-0D70-4F60-87B0-CBC30542FB3A}.Debug|Any CPU.ActiveCfg = Debug|Any CPU
		{5D518006-0D70-4F60-87B0-CBC30542FB3A}.Debug|Any CPU.Build.0 = Debug|Any CPU
		{5D518006-0D70-4F60-87B0-CBC30542FB3A}.Release|Any CPU.ActiveCfg = Release|Any CPU
		{5D518006-0D70-4F60-87B0-CBC30542FB3A}.Release|Any CPU.Build.0 = Release|Any CPU
	EndGlobalSection
	GlobalSection(SolutionProperties) = preSolution
		HideSolutionNode = FALSE
	EndGlobalSection
	GlobalSection(ExtensibilityGlobals) = postSolution
		SolutionGuid = {883BBB2F-2111-4794-A241-E226FD611431}
	EndGlobalSection
EndGlobal
