
Microsoft Visual Studio Solution File, Format Version 12.00
# Visual Studio Version 16
VisualStudioVersion = 16.0.29411.108
MinimumVisualStudioVersion = 10.0.40219.1
Project("{FAE04EC0-301F-11D3-BF4B-00C04F79EFBC}") = "AdoNetTest", "AdoNetTest\AdoNetTest.csproj", "{E9935D2A-1FD2-429C-9DD9-E75E1EF0B019}"
EndProject
Global
	GlobalSection(SolutionConfigurationPlatforms) = preSolution
		Debug|Any CPU = Debug|Any CPU
		Release|Any CPU = Release|Any CPU
	EndGlobalSection
	GlobalSection(ProjectConfigurationPlatforms) = postSolution
		{E9935D2A-1FD2-429C-9DD9-E75E1EF0B019}.Debug|Any CPU.ActiveCfg = Debug|Any CPU
		{E9935D2A-1FD2-429C-9DD9-E75E1EF0B019}.Debug|Any CPU.Build.0 = Debug|Any CPU
		{E9935D2A-1FD2-429C-9DD9-E75E1EF0B019}.Release|Any CPU.ActiveCfg = Release|Any CPU
		{E9935D2A-1FD2-429C-9DD9-E75E1EF0B019}.Release|Any CPU.Build.0 = Release|Any CPU
	EndGlobalSection
	GlobalSection(SolutionProperties) = preSolution
		HideSolutionNode = FALSE
	EndGlobalSection
	GlobalSection(ExtensibilityGlobals) = postSolution
		SolutionGuid = {C710EE5A-A829-4B71-911E-915548F44064}
	EndGlobalSection
EndGlobal
