
Microsoft Visual Studio Solution File, Format Version 12.00
# Visual Studio 15
VisualStudioVersion = 15.0.28307.489
MinimumVisualStudioVersion = 10.0.40219.1
Project("{FAE04EC0-301F-11D3-BF4B-00C04F79EFBC}") = "hw1noregex", "hw1noregex.csproj", "{CF1EF77E-F787-4777-ADFF-666CD157862B}"
EndProject
Global
	GlobalSection(SolutionConfigurationPlatforms) = preSolution
		Debug|Any CPU = Debug|Any CPU
		Release|Any CPU = Release|Any CPU
	EndGlobalSection
	GlobalSection(ProjectConfigurationPlatforms) = postSolution
		{CF1EF77E-F787-4777-ADFF-666CD157862B}.Debug|Any CPU.ActiveCfg = Debug|Any CPU
		{CF1EF77E-F787-4777-ADFF-666CD157862B}.Debug|Any CPU.Build.0 = Debug|Any CPU
		{CF1EF77E-F787-4777-ADFF-666CD157862B}.Release|Any CPU.ActiveCfg = Release|Any CPU
		{CF1EF77E-F787-4777-ADFF-666CD157862B}.Release|Any CPU.Build.0 = Release|Any CPU
	EndGlobalSection
	GlobalSection(SolutionProperties) = preSolution
		HideSolutionNode = FALSE
	EndGlobalSection
	GlobalSection(ExtensibilityGlobals) = postSolution
		SolutionGuid = {ED975E00-7372-4B09-A0AA-93B9D05CBEAB}
	EndGlobalSection
EndGlobal
