
Microsoft Visual Studio Solution File, Format Version 12.00
# Visual Studio Version 16
VisualStudioVersion = 16.0.29424.173
MinimumVisualStudioVersion = 10.0.40219.1
Project("{FAE04EC0-301F-11D3-BF4B-00C04F79EFBC}") = "Hospital", "Excercise\Hospital.csproj", "{95E1D7E8-37B9-488C-8BD8-53402F9F535A}"
EndProject
Project("{FAE04EC0-301F-11D3-BF4B-00C04F79EFBC}") = "Sales", "Sales\Sales.csproj", "{7CCC3ACB-87DB-43C2-A7EF-6E8A564B18EA}"
EndProject
Global
	GlobalSection(SolutionConfigurationPlatforms) = preSolution
		Debug|Any CPU = Debug|Any CPU
		Release|Any CPU = Release|Any CPU
	EndGlobalSection
	GlobalSection(ProjectConfigurationPlatforms) = postSolution
		{95E1D7E8-37B9-488C-8BD8-53402F9F535A}.Debug|Any CPU.ActiveCfg = Debug|Any CPU
		{95E1D7E8-37B9-488C-8BD8-53402F9F535A}.Debug|Any CPU.Build.0 = Debug|Any CPU
		{95E1D7E8-37B9-488C-8BD8-53402F9F535A}.Release|Any CPU.ActiveCfg = Release|Any CPU
		{95E1D7E8-37B9-488C-8BD8-53402F9F535A}.Release|Any CPU.Build.0 = Release|Any CPU
		{7CCC3ACB-87DB-43C2-A7EF-6E8A564B18EA}.Debug|Any CPU.ActiveCfg = Debug|Any CPU
		{7CCC3ACB-87DB-43C2-A7EF-6E8A564B18EA}.Debug|Any CPU.Build.0 = Debug|Any CPU
		{7CCC3ACB-87DB-43C2-A7EF-6E8A564B18EA}.Release|Any CPU.ActiveCfg = Release|Any CPU
		{7CCC3ACB-87DB-43C2-A7EF-6E8A564B18EA}.Release|Any CPU.Build.0 = Release|Any CPU
	EndGlobalSection
	GlobalSection(SolutionProperties) = preSolution
		HideSolutionNode = FALSE
	EndGlobalSection
	GlobalSection(ExtensibilityGlobals) = postSolution
		SolutionGuid = {353FD4E8-71A1-4194-99DD-A29C101AF17D}
	EndGlobalSection
EndGlobal
