
Microsoft Visual Studio Solution File, Format Version 12.00
# Visual Studio Version 16
VisualStudioVersion = 16.0.29009.5
MinimumVisualStudioVersion = 10.0.40219.1
Project("{FAE04EC0-301F-11D3-BF4B-00C04F79EFBC}") = "CarSalesman", "CarSalesman.csproj", "{C2131887-0D95-4AF8-B7C1-F9381E3BE94A}"
EndProject
Global
	GlobalSection(SolutionConfigurationPlatforms) = preSolution
		Debug|Any CPU = Debug|Any CPU
		Release|Any CPU = Release|Any CPU
	EndGlobalSection
	GlobalSection(ProjectConfigurationPlatforms) = postSolution
		{C2131887-0D95-4AF8-B7C1-F9381E3BE94A}.Debug|Any CPU.ActiveCfg = Debug|Any CPU
		{C2131887-0D95-4AF8-B7C1-F9381E3BE94A}.Debug|Any CPU.Build.0 = Debug|Any CPU
		{C2131887-0D95-4AF8-B7C1-F9381E3BE94A}.Release|Any CPU.ActiveCfg = Release|Any CPU
		{C2131887-0D95-4AF8-B7C1-F9381E3BE94A}.Release|Any CPU.Build.0 = Release|Any CPU
	EndGlobalSection
	GlobalSection(SolutionProperties) = preSolution
		HideSolutionNode = FALSE
	EndGlobalSection
	GlobalSection(ExtensibilityGlobals) = postSolution
		SolutionGuid = {DF4622E7-19EB-4FAD-B9E9-F9342049FCAB}
	EndGlobalSection
EndGlobal
