
Microsoft Visual Studio Solution File, Format Version 12.00
# Visual Studio Version 16
VisualStudioVersion = 16.0.29025.244
MinimumVisualStudioVersion = 10.0.40219.1
Project("{9A19103F-16F7-4668-BE54-9A1E7A4F7556}") = "AbstractionLab", "AbstractionLab.csproj", "{8607DBCB-1925-45CC-BECE-5E0C6C1071F4}"
EndProject
Project("{9A19103F-16F7-4668-BE54-9A1E7A4F7556}") = "RhombusOfStars", "..\RhombusOfStars\RhombusOfStars.csproj", "{D10560B4-AEBB-4566-87B4-B90EBFDC50A4}"
EndProject
Project("{9A19103F-16F7-4668-BE54-9A1E7A4F7556}") = "PointInTriangle", "..\PointInTriangle\PointInTriangle.csproj", "{76AFD63B-F96E-4736-B978-F468C73E7C79}"
EndProject
Project("{FAE04EC0-301F-11D3-BF4B-00C04F79EFBC}") = "Enumerators", "..\Enumerators\Enumerators.csproj", "{BB7591CD-C904-4AAA-AAA3-6CBFEF2FCEB9}"
EndProject
Project("{FAE04EC0-301F-11D3-BF4B-00C04F79EFBC}") = "StaticClasses", "..\StaticClasses\StaticClasses.csproj", "{66E6A399-343B-451C-9196-79829952EA0C}"
EndProject
Global
	GlobalSection(SolutionConfigurationPlatforms) = preSolution
		Debug|Any CPU = Debug|Any CPU
		Release|Any CPU = Release|Any CPU
	EndGlobalSection
	GlobalSection(ProjectConfigurationPlatforms) = postSolution
		{8607DBCB-1925-45CC-BECE-5E0C6C1071F4}.Debug|Any CPU.ActiveCfg = Debug|Any CPU
		{8607DBCB-1925-45CC-BECE-5E0C6C1071F4}.Debug|Any CPU.Build.0 = Debug|Any CPU
		{8607DBCB-1925-45CC-BECE-5E0C6C1071F4}.Release|Any CPU.ActiveCfg = Release|Any CPU
		{8607DBCB-1925-45CC-BECE-5E0C6C1071F4}.Release|Any CPU.Build.0 = Release|Any CPU
		{D10560B4-AEBB-4566-87B4-B90EBFDC50A4}.Debug|Any CPU.ActiveCfg = Debug|Any CPU
		{D10560B4-AEBB-4566-87B4-B90EBFDC50A4}.Debug|Any CPU.Build.0 = Debug|Any CPU
		{D10560B4-AEBB-4566-87B4-B90EBFDC50A4}.Release|Any CPU.ActiveCfg = Release|Any CPU
		{D10560B4-AEBB-4566-87B4-B90EBFDC50A4}.Release|Any CPU.Build.0 = Release|Any CPU
		{76AFD63B-F96E-4736-B978-F468C73E7C79}.Debug|Any CPU.ActiveCfg = Debug|Any CPU
		{76AFD63B-F96E-4736-B978-F468C73E7C79}.Debug|Any CPU.Build.0 = Debug|Any CPU
		{76AFD63B-F96E-4736-B978-F468C73E7C79}.Release|Any CPU.ActiveCfg = Release|Any CPU
		{76AFD63B-F96E-4736-B978-F468C73E7C79}.Release|Any CPU.Build.0 = Release|Any CPU
		{BB7591CD-C904-4AAA-AAA3-6CBFEF2FCEB9}.Debug|Any CPU.ActiveCfg = Debug|Any CPU
		{BB7591CD-C904-4AAA-AAA3-6CBFEF2FCEB9}.Debug|Any CPU.Build.0 = Debug|Any CPU
		{BB7591CD-C904-4AAA-AAA3-6CBFEF2FCEB9}.Release|Any CPU.ActiveCfg = Release|Any CPU
		{BB7591CD-C904-4AAA-AAA3-6CBFEF2FCEB9}.Release|Any CPU.Build.0 = Release|Any CPU
		{66E6A399-343B-451C-9196-79829952EA0C}.Debug|Any CPU.ActiveCfg = Debug|Any CPU
		{66E6A399-343B-451C-9196-79829952EA0C}.Debug|Any CPU.Build.0 = Debug|Any CPU
		{66E6A399-343B-451C-9196-79829952EA0C}.Release|Any CPU.ActiveCfg = Release|Any CPU
		{66E6A399-343B-451C-9196-79829952EA0C}.Release|Any CPU.Build.0 = Release|Any CPU
	EndGlobalSection
	GlobalSection(SolutionProperties) = preSolution
		HideSolutionNode = FALSE
	EndGlobalSection
	GlobalSection(ExtensibilityGlobals) = postSolution
		SolutionGuid = {62B0B613-B01C-42E4-BA64-4D5345DF7A97}
	EndGlobalSection
EndGlobal
