
Microsoft Visual Studio Solution File, Format Version 12.00
# Visual Studio 15
VisualStudioVersion = 15.0.28307.489
MinimumVisualStudioVersion = 10.0.40219.1
Project("{FAE04EC0-301F-11D3-BF4B-00C04F79EFBC}") = "strings", "strings.csproj", "{084D710F-46E5-4A86-90DB-AB9DA14D1919}"
EndProject
Global
	GlobalSection(SolutionConfigurationPlatforms) = preSolution
		Debug|Any CPU = Debug|Any CPU
		Release|Any CPU = Release|Any CPU
	EndGlobalSection
	GlobalSection(ProjectConfigurationPlatforms) = postSolution
		{084D710F-46E5-4A86-90DB-AB9DA14D1919}.Debug|Any CPU.ActiveCfg = Debug|Any CPU
		{084D710F-46E5-4A86-90DB-AB9DA14D1919}.Debug|Any CPU.Build.0 = Debug|Any CPU
		{084D710F-46E5-4A86-90DB-AB9DA14D1919}.Release|Any CPU.ActiveCfg = Release|Any CPU
		{084D710F-46E5-4A86-90DB-AB9DA14D1919}.Release|Any CPU.Build.0 = Release|Any CPU
	EndGlobalSection
	GlobalSection(SolutionProperties) = preSolution
		HideSolutionNode = FALSE
	EndGlobalSection
	GlobalSection(ExtensibilityGlobals) = postSolution
		SolutionGuid = {A0365A47-069B-4A98-BB1E-3850C3A5C355}
	EndGlobalSection
EndGlobal
