
Microsoft Visual Studio Solution File, Format Version 12.00
# Visual Studio Version 16
VisualStudioVersion = 16.0.29306.81
MinimumVisualStudioVersion = 10.0.40219.1
Project("{9A19103F-16F7-4668-BE54-9A1E7A4F7556}") = "SortyB0i1", "SortyB0is\SortyB0i1.csproj", "{E48F3487-6D96-4365-888F-9963F866B601}"
EndProject
Project("{FAE04EC0-301F-11D3-BF4B-00C04F79EFBC}") = "Searchyb0is", "Searchyb0is\Searchyb0is.csproj", "{A2F83013-74F2-4F3E-93BE-77D7C48DD1DF}"
EndProject
Global
	GlobalSection(SolutionConfigurationPlatforms) = preSolution
		Debug|Any CPU = Debug|Any CPU
		Release|Any CPU = Release|Any CPU
	EndGlobalSection
	GlobalSection(ProjectConfigurationPlatforms) = postSolution
		{E48F3487-6D96-4365-888F-9963F866B601}.Debug|Any CPU.ActiveCfg = Debug|Any CPU
		{E48F3487-6D96-4365-888F-9963F866B601}.Debug|Any CPU.Build.0 = Debug|Any CPU
		{E48F3487-6D96-4365-888F-9963F866B601}.Release|Any CPU.ActiveCfg = Release|Any CPU
		{E48F3487-6D96-4365-888F-9963F866B601}.Release|Any CPU.Build.0 = Release|Any CPU
		{A2F83013-74F2-4F3E-93BE-77D7C48DD1DF}.Debug|Any CPU.ActiveCfg = Debug|Any CPU
		{A2F83013-74F2-4F3E-93BE-77D7C48DD1DF}.Debug|Any CPU.Build.0 = Debug|Any CPU
		{A2F83013-74F2-4F3E-93BE-77D7C48DD1DF}.Release|Any CPU.ActiveCfg = Release|Any CPU
		{A2F83013-74F2-4F3E-93BE-77D7C48DD1DF}.Release|Any CPU.Build.0 = Release|Any CPU
	EndGlobalSection
	GlobalSection(SolutionProperties) = preSolution
		HideSolutionNode = FALSE
	EndGlobalSection
	GlobalSection(ExtensibilityGlobals) = postSolution
		SolutionGuid = {EC791170-0605-490B-90F2-98613AC2F04C}
	EndGlobalSection
EndGlobal
