
Microsoft Visual Studio Solution File, Format Version 12.00
# Visual Studio Version 16
VisualStudioVersion = 16.0.28803.452
MinimumVisualStudioVersion = 10.0.40219.1
Project("{FAE04EC0-301F-11D3-BF4B-00C04F79EFBC}") = "easyonesprojectground", "easyonesprojectground.csproj", "{0750FBD3-CB9F-4387-99F0-B10FFB6B3BC1}"
EndProject
Global
	GlobalSection(SolutionConfigurationPlatforms) = preSolution
		Debug|Any CPU = Debug|Any CPU
		Release|Any CPU = Release|Any CPU
	EndGlobalSection
	GlobalSection(ProjectConfigurationPlatforms) = postSolution
		{0750FBD3-CB9F-4387-99F0-B10FFB6B3BC1}.Debug|Any CPU.ActiveCfg = Debug|Any CPU
		{0750FBD3-CB9F-4387-99F0-B10FFB6B3BC1}.Debug|Any CPU.Build.0 = Debug|Any CPU
		{0750FBD3-CB9F-4387-99F0-B10FFB6B3BC1}.Release|Any CPU.ActiveCfg = Release|Any CPU
		{0750FBD3-CB9F-4387-99F0-B10FFB6B3BC1}.Release|Any CPU.Build.0 = Release|Any CPU
	EndGlobalSection
	GlobalSection(SolutionProperties) = preSolution
		HideSolutionNode = FALSE
	EndGlobalSection
	GlobalSection(ExtensibilityGlobals) = postSolution
		SolutionGuid = {D8F42712-C477-48C9-9587-E3C7095C6866}
	EndGlobalSection
EndGlobal
