
Microsoft Visual Studio Solution File, Format Version 12.00
# Visual Studio Version 16
VisualStudioVersion = 16.0.29102.190
MinimumVisualStudioVersion = 10.0.40219.1
Project("{FAE04EC0-301F-11D3-BF4B-00C04F79EFBC}") = "LectureNotes", "LectureNotes\LectureNotes.csproj", "{B007AFE0-BB25-4184-90BB-01A1EC521524}"
EndProject
Global
	GlobalSection(SolutionConfigurationPlatforms) = preSolution
		Debug|Any CPU = Debug|Any CPU
		Release|Any CPU = Release|Any CPU
	EndGlobalSection
	GlobalSection(ProjectConfigurationPlatforms) = postSolution
		{B007AFE0-BB25-4184-90BB-01A1EC521524}.Debug|Any CPU.ActiveCfg = Debug|Any CPU
		{B007AFE0-BB25-4184-90BB-01A1EC521524}.Debug|Any CPU.Build.0 = Debug|Any CPU
		{B007AFE0-BB25-4184-90BB-01A1EC521524}.Release|Any CPU.ActiveCfg = Release|Any CPU
		{B007AFE0-BB25-4184-90BB-01A1EC521524}.Release|Any CPU.Build.0 = Release|Any CPU
	EndGlobalSection
	GlobalSection(SolutionProperties) = preSolution
		HideSolutionNode = FALSE
	EndGlobalSection
	GlobalSection(ExtensibilityGlobals) = postSolution
		SolutionGuid = {33289AA9-76F0-4050-8A32-43E5C92B054E}
	EndGlobalSection
EndGlobal
