
Microsoft Visual Studio Solution File, Format Version 12.00
# Visual Studio Version 16
VisualStudioVersion = 16.0.30011.22
MinimumVisualStudioVersion = 10.0.40219.1
Project("{9092AA53-FB77-4645-B42D-1CCCA6BD08BD}") = "Syntax, functions and statement excercises", "Syntax, functions and statement excercises\Syntax, functions and statement excercises.njsproj", "{4EDEB3CC-84E9-4872-B3E1-9BF92DE84523}"
EndProject
Global
	GlobalSection(SolutionConfigurationPlatforms) = preSolution
		Debug|Any CPU = Debug|Any CPU
		Release|Any CPU = Release|Any CPU
	EndGlobalSection
	GlobalSection(ProjectConfigurationPlatforms) = postSolution
		{4EDEB3CC-84E9-4872-B3E1-9BF92DE84523}.Debug|Any CPU.ActiveCfg = Debug|Any CPU
		{4EDEB3CC-84E9-4872-B3E1-9BF92DE84523}.Debug|Any CPU.Build.0 = Debug|Any CPU
		{4EDEB3CC-84E9-4872-B3E1-9BF92DE84523}.Release|Any CPU.ActiveCfg = Release|Any CPU
		{4EDEB3CC-84E9-4872-B3E1-9BF92DE84523}.Release|Any CPU.Build.0 = Release|Any CPU
	EndGlobalSection
	GlobalSection(SolutionProperties) = preSolution
		HideSolutionNode = FALSE
	EndGlobalSection
	GlobalSection(ExtensibilityGlobals) = postSolution
		SolutionGuid = {2D813BBF-80DA-43B1-A49A-D6F7348D4170}
	EndGlobalSection
EndGlobal
