
Microsoft Visual Studio Solution File, Format Version 12.00
# Visual Studio 15
VisualStudioVersion = 15.0.28307.329
MinimumVisualStudioVersion = 10.0.40219.1
Project("{FAE04EC0-301F-11D3-BF4B-00C04F79EFBC}") = "POKE mon", "POKE mon\POKE mon.csproj", "{275DC4A6-6DA1-440B-ACB6-D0F0B2CDD71D}"
EndProject
Global
	GlobalSection(SolutionConfigurationPlatforms) = preSolution
		Debug|Any CPU = Debug|Any CPU
		Release|Any CPU = Release|Any CPU
	EndGlobalSection
	GlobalSection(ProjectConfigurationPlatforms) = postSolution
		{275DC4A6-6DA1-440B-ACB6-D0F0B2CDD71D}.Debug|Any CPU.ActiveCfg = Debug|Any CPU
		{275DC4A6-6DA1-440B-ACB6-D0F0B2CDD71D}.Debug|Any CPU.Build.0 = Debug|Any CPU
		{275DC4A6-6DA1-440B-ACB6-D0F0B2CDD71D}.Release|Any CPU.ActiveCfg = Release|Any CPU
		{275DC4A6-6DA1-440B-ACB6-D0F0B2CDD71D}.Release|Any CPU.Build.0 = Release|Any CPU
	EndGlobalSection
	GlobalSection(SolutionProperties) = preSolution
		HideSolutionNode = FALSE
	EndGlobalSection
	GlobalSection(ExtensibilityGlobals) = postSolution
		SolutionGuid = {3EFA2948-2E33-43F5-ADF9-73691CE6D9FE}
	EndGlobalSection
EndGlobal
