
Microsoft Visual Studio Solution File, Format Version 12.00
# Visual Studio Version 16
VisualStudioVersion = 16.0.28922.388
MinimumVisualStudioVersion = 10.0.40219.1
Project("{9A19103F-16F7-4668-BE54-9A1E7A4F7556}") = "copy binary file", "copy binary file.csproj", "{0E19975C-CEB7-4B84-A214-EADE3C982560}"
EndProject
Global
	GlobalSection(SolutionConfigurationPlatforms) = preSolution
		Debug|Any CPU = Debug|Any CPU
		Release|Any CPU = Release|Any CPU
	EndGlobalSection
	GlobalSection(ProjectConfigurationPlatforms) = postSolution
		{0E19975C-CEB7-4B84-A214-EADE3C982560}.Debug|Any CPU.ActiveCfg = Debug|Any CPU
		{0E19975C-CEB7-4B84-A214-EADE3C982560}.Debug|Any CPU.Build.0 = Debug|Any CPU
		{0E19975C-CEB7-4B84-A214-EADE3C982560}.Release|Any CPU.ActiveCfg = Release|Any CPU
		{0E19975C-CEB7-4B84-A214-EADE3C982560}.Release|Any CPU.Build.0 = Release|Any CPU
	EndGlobalSection
	GlobalSection(SolutionProperties) = preSolution
		HideSolutionNode = FALSE
	EndGlobalSection
	GlobalSection(ExtensibilityGlobals) = postSolution
		SolutionGuid = {D71FC2A0-E2F9-4B8B-BA4D-3AA350E2A7EE}
	EndGlobalSection
EndGlobal
