
Microsoft Visual Studio Solution File, Format Version 12.00
# Visual Studio Version 16
VisualStudioVersion = 16.0.29102.190
MinimumVisualStudioVersion = 10.0.40219.1
Project("{FAE04EC0-301F-11D3-BF4B-00C04F79EFBC}") = "WildFarm", "WildFarm\WildFarm.csproj", "{0AE5E288-ADD2-4D98-BE5D-E887B18C4609}"
EndProject
Project("{FAE04EC0-301F-11D3-BF4B-00C04F79EFBC}") = "Vehicles", "Vehicles\Vehicles.csproj", "{9FA13E71-2C40-4473-BBDC-4F203FDDDFFA}"
EndProject
Global
	GlobalSection(SolutionConfigurationPlatforms) = preSolution
		Debug|Any CPU = Debug|Any CPU
		Release|Any CPU = Release|Any CPU
	EndGlobalSection
	GlobalSection(ProjectConfigurationPlatforms) = postSolution
		{0AE5E288-ADD2-4D98-BE5D-E887B18C4609}.Debug|Any CPU.ActiveCfg = Debug|Any CPU
		{0AE5E288-ADD2-4D98-BE5D-E887B18C4609}.Debug|Any CPU.Build.0 = Debug|Any CPU
		{0AE5E288-ADD2-4D98-BE5D-E887B18C4609}.Release|Any CPU.ActiveCfg = Release|Any CPU
		{0AE5E288-ADD2-4D98-BE5D-E887B18C4609}.Release|Any CPU.Build.0 = Release|Any CPU
		{9FA13E71-2C40-4473-BBDC-4F203FDDDFFA}.Debug|Any CPU.ActiveCfg = Debug|Any CPU
		{9FA13E71-2C40-4473-BBDC-4F203FDDDFFA}.Debug|Any CPU.Build.0 = Debug|Any CPU
		{9FA13E71-2C40-4473-BBDC-4F203FDDDFFA}.Release|Any CPU.ActiveCfg = Release|Any CPU
		{9FA13E71-2C40-4473-BBDC-4F203FDDDFFA}.Release|Any CPU.Build.0 = Release|Any CPU
	EndGlobalSection
	GlobalSection(SolutionProperties) = preSolution
		HideSolutionNode = FALSE
	EndGlobalSection
	GlobalSection(ExtensibilityGlobals) = postSolution
		SolutionGuid = {764671E2-1686-4080-BA42-E36FE558B569}
	EndGlobalSection
EndGlobal
