
Microsoft Visual Studio Solution File, Format Version 12.00
# Visual Studio 15
VisualStudioVersion = 15.0.28307.489
MinimumVisualStudioVersion = 10.0.40219.1
Project("{FAE04EC0-301F-11D3-BF4B-00C04F79EFBC}") = "hw4", "hw4.csproj", "{9726A8D5-3A1D-44BC-942A-01A4A4A09F63}"
EndProject
Global
	GlobalSection(SolutionConfigurationPlatforms) = preSolution
		Debug|Any CPU = Debug|Any CPU
		Release|Any CPU = Release|Any CPU
	EndGlobalSection
	GlobalSection(ProjectConfigurationPlatforms) = postSolution
		{9726A8D5-3A1D-44BC-942A-01A4A4A09F63}.Debug|Any CPU.ActiveCfg = Debug|Any CPU
		{9726A8D5-3A1D-44BC-942A-01A4A4A09F63}.Debug|Any CPU.Build.0 = Debug|Any CPU
		{9726A8D5-3A1D-44BC-942A-01A4A4A09F63}.Release|Any CPU.ActiveCfg = Release|Any CPU
		{9726A8D5-3A1D-44BC-942A-01A4A4A09F63}.Release|Any CPU.Build.0 = Release|Any CPU
	EndGlobalSection
	GlobalSection(SolutionProperties) = preSolution
		HideSolutionNode = FALSE
	EndGlobalSection
	GlobalSection(ExtensibilityGlobals) = postSolution
		SolutionGuid = {16EFF679-F734-4D1F-85A7-994421AAC6A5}
	EndGlobalSection
EndGlobal
