
Microsoft Visual Studio Solution File, Format Version 12.00
# Visual Studio Version 16
VisualStudioVersion = 16.0.29503.13
MinimumVisualStudioVersion = 10.0.40219.1
Project("{FAE04EC0-301F-11D3-BF4B-00C04F79EFBC}") = "Json Democode", "Json Democode\Json Democode.csproj", "{F1C5A68B-42B6-4D0C-A772-D7EDECA9EA34}"
EndProject
Global
	GlobalSection(SolutionConfigurationPlatforms) = preSolution
		Debug|Any CPU = Debug|Any CPU
		Release|Any CPU = Release|Any CPU
	EndGlobalSection
	GlobalSection(ProjectConfigurationPlatforms) = postSolution
		{F1C5A68B-42B6-4D0C-A772-D7EDECA9EA34}.Debug|Any CPU.ActiveCfg = Debug|Any CPU
		{F1C5A68B-42B6-4D0C-A772-D7EDECA9EA34}.Debug|Any CPU.Build.0 = Debug|Any CPU
		{F1C5A68B-42B6-4D0C-A772-D7EDECA9EA34}.Release|Any CPU.ActiveCfg = Release|Any CPU
		{F1C5A68B-42B6-4D0C-A772-D7EDECA9EA34}.Release|Any CPU.Build.0 = Release|Any CPU
	EndGlobalSection
	GlobalSection(SolutionProperties) = preSolution
		HideSolutionNode = FALSE
	EndGlobalSection
	GlobalSection(ExtensibilityGlobals) = postSolution
		SolutionGuid = {BB6A1D92-7545-4F84-9946-36C42C956B1A}
	EndGlobalSection
EndGlobal
