
Microsoft Visual Studio Solution File, Format Version 12.00
# Visual Studio Version 16
VisualStudioVersion = 16.0.29025.244
MinimumVisualStudioVersion = 10.0.40219.1
Project("{9A19103F-16F7-4668-BE54-9A1E7A4F7556}") = "PersonInfo", "PersonInfo.csproj", "{F80031A7-27D2-4523-9AA0-88C761A98578}"
EndProject
Project("{9A19103F-16F7-4668-BE54-9A1E7A4F7556}") = "Ferrari", "..\Ferrari\Ferrari.csproj", "{2B9077F6-A4DA-4393-945F-C4DAD8F23D91}"
EndProject
Project("{9A19103F-16F7-4668-BE54-9A1E7A4F7556}") = "Telephony", "..\Telephony\Telephony.csproj", "{31BE6CB5-7C9F-4660-B101-8B9AD9BC14E9}"
EndProject
Project("{FAE04EC0-301F-11D3-BF4B-00C04F79EFBC}") = "MilitaryElite", "..\MilitaryElite\MilitaryElite.csproj", "{D0B17880-05F3-48F0-B570-61A4A2305661}"
EndProject
Global
	GlobalSection(SolutionConfigurationPlatforms) = preSolution
		Debug|Any CPU = Debug|Any CPU
		Release|Any CPU = Release|Any CPU
	EndGlobalSection
	GlobalSection(ProjectConfigurationPlatforms) = postSolution
		{F80031A7-27D2-4523-9AA0-88C761A98578}.Debug|Any CPU.ActiveCfg = Debug|Any CPU
		{F80031A7-27D2-4523-9AA0-88C761A98578}.Debug|Any CPU.Build.0 = Debug|Any CPU
		{F80031A7-27D2-4523-9AA0-88C761A98578}.Release|Any CPU.ActiveCfg = Release|Any CPU
		{F80031A7-27D2-4523-9AA0-88C761A98578}.Release|Any CPU.Build.0 = Release|Any CPU
		{2B9077F6-A4DA-4393-945F-C4DAD8F23D91}.Debug|Any CPU.ActiveCfg = Debug|Any CPU
		{2B9077F6-A4DA-4393-945F-C4DAD8F23D91}.Debug|Any CPU.Build.0 = Debug|Any CPU
		{2B9077F6-A4DA-4393-945F-C4DAD8F23D91}.Release|Any CPU.ActiveCfg = Release|Any CPU
		{2B9077F6-A4DA-4393-945F-C4DAD8F23D91}.Release|Any CPU.Build.0 = Release|Any CPU
		{31BE6CB5-7C9F-4660-B101-8B9AD9BC14E9}.Debug|Any CPU.ActiveCfg = Debug|Any CPU
		{31BE6CB5-7C9F-4660-B101-8B9AD9BC14E9}.Debug|Any CPU.Build.0 = Debug|Any CPU
		{31BE6CB5-7C9F-4660-B101-8B9AD9BC14E9}.Release|Any CPU.ActiveCfg = Release|Any CPU
		{31BE6CB5-7C9F-4660-B101-8B9AD9BC14E9}.Release|Any CPU.Build.0 = Release|Any CPU
		{D0B17880-05F3-48F0-B570-61A4A2305661}.Debug|Any CPU.ActiveCfg = Debug|Any CPU
		{D0B17880-05F3-48F0-B570-61A4A2305661}.Debug|Any CPU.Build.0 = Debug|Any CPU
		{D0B17880-05F3-48F0-B570-61A4A2305661}.Release|Any CPU.ActiveCfg = Release|Any CPU
		{D0B17880-05F3-48F0-B570-61A4A2305661}.Release|Any CPU.Build.0 = Release|Any CPU
	EndGlobalSection
	GlobalSection(SolutionProperties) = preSolution
		HideSolutionNode = FALSE
	EndGlobalSection
	GlobalSection(ExtensibilityGlobals) = postSolution
		SolutionGuid = {C18B6F9B-97B7-4DA7-89D4-02F4193B653E}
	EndGlobalSection
EndGlobal
